# This file is autogenerated, do not edit; changes may be undone by the next 'dep ensure'.


[[projects]]
  name = "github.com/clbanning/mxj"
  packages = ["."]
  revision = "82051832829e23b1986f479cf92a7e3ba6cca7b6"
  version = "v1.8.1"

[[projects]]
  branch = "master"
  name = "github.com/satori/go.uuid"
  packages = ["."]
  revision = "36e9d2ebbde5e3f13ab2e25625fd453271d6522e"

[solve-meta]
  analyzer-name = "dep"
  analyzer-version = 1
  inputs-digest = "d7b273f42d106253fc1b312cbdee1e191f365ba46eb07c1afc2278f5b5d4b30a"
  solver-name = "gps-cdcl"
  solver-version = 1
